PODS:
  - Flutter (1.0.0)
  - package_info_plus (0.4.5):
    - Flutter
  - "realm (0.6.0+beta)":
    - Flutter
  - Sentry/HybridSDK (7.30.2)
  - sentry_flutter (0.0.1):
    - Flutter
    - FlutterMacOS
    - Sentry/HybridSDK (= 7.30.2)

DEPENDENCIES:
  - Flutter (from `Flutter`)
  - package_info_plus (from `.symlinks/plugins/package_info_plus/ios`)
  - realm (from `.symlinks/plugins/realm/ios`)
  - sentry_flutter (from `.symlinks/plugins/sentry_flutter/ios`)

SPEC REPOS:
  trunk:
    - Sentry

EXTERNAL SOURCES:
  Flutter:
    :path: Flutter
  package_info_plus:
    :path: ".symlinks/plugins/package_info_plus/ios"
  realm:
    :path: ".symlinks/plugins/realm/ios"
  sentry_flutter:
    :path: ".symlinks/plugins/sentry_flutter/ios"

SPEC CHECKSUMS:
  Flutter: f04841e97a9d0b0a8025694d0796dd46242b2854
  package_info_plus: 6c92f08e1f853dc01228d6f553146438dafcd14e
  realm: 265fcb5a63288ec393d8b9537785a53059702cfc
  Sentry: 9be48e341494bc976c963b05aa4a8ca48308c684
  sentry_flutter: 544e6376e35b00eef9f0864f8bb7f10a0e204993

PODFILE CHECKSUM: ef19549a9bc3046e7bb7d2fab4d021637c0c58a3

COCOAPODS: 1.11.3
